
Microsoft Visual Studio Solution File, Format Version 12.00
# Visual Studio Version 16
VisualStudioVersion = 16.0.32228.343
MinimumVisualStudioVersion = 10.0.40219.1
Project("{FAE04EC0-301F-11D3-BF4B-00C04F79EFBC}") = "show27", "show27.csproj", "{D3AF51C7-33FC-4FB9-AFF8-47F8EA538370}"
EndProject
Global
	GlobalSection(SolutionConfigurationPlatforms) = preSolution
		Debug|Any CPU = Debug|Any CPU
		Release|Any CPU = Release|Any CPU
	EndGlobalSection
	GlobalSection(ProjectConfigurationPlatforms) = postSolution
		{D3AF51C7-33FC-4FB9-AFF8-47F8EA538370}.Debug|Any CPU.ActiveCfg = Debug|Any CPU
		{D3AF51C7-33FC-4FB9-AFF8-47F8EA538370}.Debug|Any CPU.Build.0 = Debug|Any CPU
		{D3AF51C7-33FC-4FB9-AFF8-47F8EA538370}.Release|Any CPU.ActiveCfg = Release|Any CPU
		{D3AF51C7-33FC-4FB9-AFF8-47F8EA538370}.Release|Any CPU.Build.0 = Release|Any CPU
	EndGlobalSection
	GlobalSection(SolutionProperties) = preSolution
		HideSolutionNode = FALSE
	EndGlobalSection
	GlobalSection(ExtensibilityGlobals) = postSolution
		SolutionGuid = {0577EDA4-9213-4EBE-BF25-47D571DF44CD}
	EndGlobalSection
EndGlobal
