
Microsoft Visual Studio Solution File, Format Version 12.00
# Visual Studio Version 16
VisualStudioVersion = 16.0.32228.343
MinimumVisualStudioVersion = 10.0.40219.1
Project("{FAE04EC0-301F-11D3-BF4B-00C04F79EFBC}") = "show26_myproject", "show26_myproject.csproj", "{26ED130C-5749-4B6F-819B-F3AB6BEBE261}"
EndProject
Global
	GlobalSection(SolutionConfigurationPlatforms) = preSolution
		Debug|Any CPU = Debug|Any CPU
		Release|Any CPU = Release|Any CPU
	EndGlobalSection
	GlobalSection(ProjectConfigurationPlatforms) = postSolution
		{26ED130C-5749-4B6F-819B-F3AB6BEBE261}.Debug|Any CPU.ActiveCfg = Debug|Any CPU
		{26ED130C-5749-4B6F-819B-F3AB6BEBE261}.Debug|Any CPU.Build.0 = Debug|Any CPU
		{26ED130C-5749-4B6F-819B-F3AB6BEBE261}.Release|Any CPU.ActiveCfg = Release|Any CPU
		{26ED130C-5749-4B6F-819B-F3AB6BEBE261}.Release|Any CPU.Build.0 = Release|Any CPU
	EndGlobalSection
	GlobalSection(SolutionProperties) = preSolution
		HideSolutionNode = FALSE
	EndGlobalSection
	GlobalSection(ExtensibilityGlobals) = postSolution
		SolutionGuid = {5353D8B0-68E1-4F46-9BF9-5F8688333A9B}
	EndGlobalSection
EndGlobal
